
Microsoft Visual Studio Solution File, Format Version 12.00
# Visual Studio 2013
VisualStudioVersion = 12.0.31101.0
MinimumVisualStudioVersion = 10.0.40219.1
Project("{FAE04EC0-301F-11D3-BF4B-00C04F79EFBC}") = "EECE455_Project_2.0", "EECE455_Project_2.0.csproj", "{991A1584-55D6-423C-BC25-7E801CEAB22B}"
EndProject
Project("{54435603-DBB4-11D2-8724-00A0C9A8B90C}") = "RSA_Crypto", "..\RSA_Crypto\RSA_Crypto.vdproj", "{268F5C72-1250-4014-9CB2-B9AB4F3E2480}"
EndProject
Global
	GlobalSection(SolutionConfigurationPlatforms) = preSolution
		Debug|Any CPU = Debug|Any CPU
		Release|Any CPU = Release|Any CPU
	EndGlobalSection
	GlobalSection(ProjectConfigurationPlatforms) = postSolution
		{991A1584-55D6-423C-BC25-7E801CEAB22B}.Debug|Any CPU.ActiveCfg = Debug|Any CPU
		{991A1584-55D6-423C-BC25-7E801CEAB22B}.Debug|Any CPU.Build.0 = Debug|Any CPU
		{991A1584-55D6-423C-BC25-7E801CEAB22B}.Release|Any CPU.ActiveCfg = Release|Any CPU
		{991A1584-55D6-423C-BC25-7E801CEAB22B}.Release|Any CPU.Build.0 = Release|Any CPU
		{268F5C72-1250-4014-9CB2-B9AB4F3E2480}.Debug|Any CPU.ActiveCfg = Debug
		{268F5C72-1250-4014-9CB2-B9AB4F3E2480}.Release|Any CPU.ActiveCfg = Release
	EndGlobalSection
	GlobalSection(SolutionProperties) = preSolution
		HideSolutionNode = FALSE
	EndGlobalSection
EndGlobal
